
Microsoft Visual Studio Solution File, Format Version 12.00
# Visual Studio Version 17
VisualStudioVersion = 17.14.36616.10 d17.14
MinimumVisualStudioVersion = 10.0.40219.1
Project("{FAE04EC0-301F-11D3-BF4B-00C04F79EFBC}") = "mediatek86", "mediatek86\mediatek86.csproj", "{C9835BA4-9A74-41B5-AE68-ED0267695F69}"
EndProject
Global
	GlobalSection(SolutionConfigurationPlatforms) = preSolution
		Debug|Any CPU = Debug|Any CPU
		Release|Any CPU = Release|Any CPU
	EndGlobalSection
	GlobalSection(ProjectConfigurationPlatforms) = postSolution
		{C9835BA4-9A74-41B5-AE68-ED0267695F69}.Debug|Any CPU.ActiveCfg = Debug|Any CPU
		{C9835BA4-9A74-41B5-AE68-ED0267695F69}.Debug|Any CPU.Build.0 = Debug|Any CPU
		{C9835BA4-9A74-41B5-AE68-ED0267695F69}.Release|Any CPU.ActiveCfg = Release|Any CPU
		{C9835BA4-9A74-41B5-AE68-ED0267695F69}.Release|Any CPU.Build.0 = Release|Any CPU
	EndGlobalSection
	GlobalSection(SolutionProperties) = preSolution
		HideSolutionNode = FALSE
	EndGlobalSection
	GlobalSection(ExtensibilityGlobals) = postSolution
		SolutionGuid = {8D75C8B5-2415-4136-9E4D-092739B37B65}
	EndGlobalSection
EndGlobal
